// !$*UTF8*$!
{
	archiveVersion = 1;
	classes = {
	};
	objectVersion = 56;
	objects = {

/* Begin PBXBuildFile section */
		C216071A2B665F22001DD301 /* TabBarController.swift in Sources */ = {isa = PBXBuildFile; fileRef = C21607192B665F22001DD301 /* TabBarController.swift */; };
		C234780F2B3C468B00238899 /* MainViewController.swift in Sources */ = {isa = PBXBuildFile; fileRef = C234780E2B3C468B00238899 /* MainViewController.swift */; };
		C23478112B3C4CA000238899 /* NewHotViewController.swift in Sources */ = {isa = PBXBuildFile; fileRef = C23478102B3C4CA000238899 /* NewHotViewController.swift */; };
		C23478132B3C4E9200238899 /* SavedContentsViewController.swift in Sources */ = {isa = PBXBuildFile; fileRef = C23478122B3C4E9200238899 /* SavedContentsViewController.swift */; };
		C23478152B3C54DE00238899 /* MemberViewController.swift in Sources */ = {isa = PBXBuildFile; fileRef = C23478142B3C54DE00238899 /* MemberViewController.swift */; };
		C28134422B3AD6FF001ED300 /* AppDelegate.swift in Sources */ = {isa = PBXBuildFile; fileRef = C28134412B3AD6FF001ED300 /* AppDelegate.swift */; };
		C28134442B3AD6FF001ED300 /* SceneDelegate.swift in Sources */ = {isa = PBXBuildFile; fileRef = C28134432B3AD6FF001ED300 /* SceneDelegate.swift */; };
		C28134462B3AD6FF001ED300 /* ViewController.swift in Sources */ = {isa = PBXBuildFile; fileRef = C28134452B3AD6FF001ED300 /* ViewController.swift */; };
		C28134492B3AD6FF001ED300 /* Main.storyboard in Resources */ = {isa = PBXBuildFile; fileRef = C28134472B3AD6FF001ED300 /* Main.storyboard */; };
		C281344B2B3AD701001ED300 /* Assets.xcassets in Resources */ = {isa = PBXBuildFile; fileRef = C281344A2B3AD701001ED300 /* Assets.xcassets */; };
		C281344E2B3AD701001ED300 /* LaunchScreen.storyboard in Resources */ = {isa = PBXBuildFile; fileRef = C281344C2B3AD701001ED300 /* LaunchScreen.storyboard */; };
		C2898B4F2B67A7C300AF9CE8 /* JoinMemberViewController.swift in Sources */ = {isa = PBXBuildFile; fileRef = C2898B4E2B67A7C300AF9CE8 /* JoinMemberViewController.swift */; };
		C2898B512B67ADBD00AF9CE8 /* joinMemberTextField.swift in Sources */ = {isa = PBXBuildFile; fileRef = C2898B502B67ADBD00AF9CE8 /* joinMemberTextField.swift */; };
		C2A75FE42B637FFD00541BE7 /* SnapKit in Frameworks */ = {isa = PBXBuildFile; productRef = C2A75FE32B637FFD00541BE7 /* SnapKit */; };
		C2A75FE62B637FFD00541BE7 /* SnapKit-Dynamic in Frameworks */ = {isa = PBXBuildFile; productRef = C2A75FE52B637FFD00541BE7 /* SnapKit-Dynamic */; };
		C2A75FEA2B6380B200541BE7 /* FirstViewController.swift in Sources */ = {isa = PBXBuildFile; fileRef = C2A75FE92B6380B200541BE7 /* FirstViewController.swift */; };
		C2A75FEC2B63A2B700541BE7 /* SecondViewController.swift in Sources */ = {isa = PBXBuildFile; fileRef = C2A75FEB2B63A2B700541BE7 /* SecondViewController.swift */; };
		C2A75FF02B63AFB900541BE7 /* ThirdViewController.swift in Sources */ = {isa = PBXBuildFile; fileRef = C2A75FEF2B63AFB900541BE7 /* ThirdViewController.swift */; };
		C2D076002B3D249C004D08DA /* ViewControllertest.swift in Sources */ = {isa = PBXBuildFile; fileRef = C2D075FF2B3D249C004D08DA /* ViewControllertest.swift */; };
/* End PBXBuildFile section */

/* Begin PBXFileReference section */
		C21607192B665F22001DD301 /* TabBarController.swift */ = {isa = PBXFileReference; lastKnownFileType = sourcecode.swift; path = TabBarController.swift; sourceTree = "<group>"; };
		C234780E2B3C468B00238899 /* MainViewController.swift */ = {isa = PBXFileReference; lastKnownFileType = sourcecode.swift; path = MainViewController.swift; sourceTree = "<group>"; };
		C23478102B3C4CA000238899 /* NewHotViewController.swift */ = {isa = PBXFileReference; lastKnownFileType = sourcecode.swift; path = NewHotViewController.swift; sourceTree = "<group>"; };
		C23478122B3C4E9200238899 /* SavedContentsViewController.swift */ = {isa = PBXFileReference; lastKnownFileType = sourcecode.swift; path = SavedContentsViewController.swift; sourceTree = "<group>"; };
		C23478142B3C54DE00238899 /* MemberViewController.swift */ = {isa = PBXFileReference; lastKnownFileType = sourcecode.swift; path = MemberViewController.swift; sourceTree = "<group>"; };
		C281343E2B3AD6FF001ED300 /* SeSACFirstApp_HW.app */ = {isa = PBXFileReference; explicitFileType = wrapper.application; includeInIndex = 0; path = SeSACFirstApp_HW.app; sourceTree = BUILT_PRODUCTS_DIR; };
		C28134412B3AD6FF001ED300 /* AppDelegate.swift */ = {isa = PBXFileReference; lastKnownFileType = sourcecode.swift; path = AppDelegate.swift; sourceTree = "<group>"; };
		C28134432B3AD6FF001ED300 /* SceneDelegate.swift */ = {isa = PBXFileReference; lastKnownFileType = sourcecode.swift; path = SceneDelegate.swift; sourceTree = "<group>"; };
		C28134452B3AD6FF001ED300 /* ViewController.swift */ = {isa = PBXFileReference; lastKnownFileType = sourcecode.swift; path = ViewController.swift; sourceTree = "<group>"; };
		C28134482B3AD6FF001ED300 /* Base */ = {isa = PBXFileReference; lastKnownFileType = file.storyboard; name = Base; path = Base.lproj/Main.storyboard; sourceTree = "<group>"; };
		C281344A2B3AD701001ED300 /* Assets.xcassets */ = {isa = PBXFileReference; lastKnownFileType = folder.assetcatalog; path = Assets.xcassets; sourceTree = "<group>"; };
		C281344D2B3AD701001ED300 /* Base */ = {isa = PBXFileReference; lastKnownFileType = file.storyboard; name = Base; path = Base.lproj/LaunchScreen.storyboard; sourceTree = "<group>"; };
		C281344F2B3AD701001ED300 /* Info.plist */ = {isa = PBXFileReference; lastKnownFileType = text.plist.xml; path = Info.plist; sourceTree = "<group>"; };
		C2898B4E2B67A7C300AF9CE8 /* JoinMemberViewController.swift */ = {isa = PBXFileReference; lastKnownFileType = sourcecode.swift; path = JoinMemberViewController.swift; sourceTree = "<group>"; };
		C2898B502B67ADBD00AF9CE8 /* joinMemberTextField.swift */ = {isa = PBXFileReference; lastKnownFileType = sourcecode.swift; path = joinMemberTextField.swift; sourceTree = "<group>"; };
		C2A75FE92B6380B200541BE7 /* FirstViewController.swift */ = {isa = PBXFileReference; lastKnownFileType = sourcecode.swift; path = FirstViewController.swift; sourceTree = "<group>"; };
		C2A75FEB2B63A2B700541BE7 /* SecondViewController.swift */ = {isa = PBXFileReference; lastKnownFileType = sourcecode.swift; path = SecondViewController.swift; sourceTree = "<group>"; };
		C2A75FEF2B63AFB900541BE7 /* ThirdViewController.swift */ = {isa = PBXFileReference; lastKnownFileType = sourcecode.swift; path = ThirdViewController.swift; sourceTree = "<group>"; };
		C2D075FF2B3D249C004D08DA /* ViewControllertest.swift */ = {isa = PBXFileReference; lastKnownFileType = sourcecode.swift; path = ViewControllertest.swift; sourceTree = "<group>"; };
/* End PBXFileReference section */

/* Begin PBXFrameworksBuildPhase section */
		C281343B2B3AD6FF001ED300 /* Frameworks */ = {
			isa = PBXFrameworksBuildPhase;
			buildActionMask = 2147483647;
			files = (
				C2A75FE42B637FFD00541BE7 /* SnapKit in Frameworks */,
				C2A75FE62B637FFD00541BE7 /* SnapKit-Dynamic in Frameworks */,
			);
			runOnlyForDeploymentPostprocessing = 0;
		};
/* End PBXFrameworksBuildPhase section */

/* Begin PBXGroup section */
		C28134352B3AD6FF001ED300 = {
			isa = PBXGroup;
			children = (
				C28134402B3AD6FF001ED300 /* SeSACFirstApp_HW */,
				C281343F2B3AD6FF001ED300 /* Products */,
			);
			sourceTree = "<group>";
		};
		C281343F2B3AD6FF001ED300 /* Products */ = {
			isa = PBXGroup;
			children = (
				C281343E2B3AD6FF001ED300 /* SeSACFirstApp_HW.app */,
			);
			name = Products;
			sourceTree = "<group>";
		};
		C28134402B3AD6FF001ED300 /* SeSACFirstApp_HW */ = {
			isa = PBXGroup;
			children = (
				C2A75FE12B637F9200541BE7 /* Codebase */,
				C28134412B3AD6FF001ED300 /* AppDelegate.swift */,
				C28134432B3AD6FF001ED300 /* SceneDelegate.swift */,
				C28134452B3AD6FF001ED300 /* ViewController.swift */,
				C28134472B3AD6FF001ED300 /* Main.storyboard */,
				C281344A2B3AD701001ED300 /* Assets.xcassets */,
				C281344C2B3AD701001ED300 /* LaunchScreen.storyboard */,
				C281344F2B3AD701001ED300 /* Info.plist */,
				C234780E2B3C468B00238899 /* MainViewController.swift */,
				C23478102B3C4CA000238899 /* NewHotViewController.swift */,
				C23478122B3C4E9200238899 /* SavedContentsViewController.swift */,
				C23478142B3C54DE00238899 /* MemberViewController.swift */,
				C2D075FF2B3D249C004D08DA /* ViewControllertest.swift */,
			);
			path = SeSACFirstApp_HW;
			sourceTree = "<group>";
		};
		C2A75FE12B637F9200541BE7 /* Codebase */ = {
			isa = PBXGroup;
			children = (
				C2A75FE92B6380B200541BE7 /* FirstViewController.swift */,
				C2A75FEB2B63A2B700541BE7 /* SecondViewController.swift */,
				C2A75FEF2B63AFB900541BE7 /* ThirdViewController.swift */,
				C21607192B665F22001DD301 /* TabBarController.swift */,
				C2898B4E2B67A7C300AF9CE8 /* JoinMemberViewController.swift */,
				C2898B502B67ADBD00AF9CE8 /* joinMemberTextField.swift */,
			);
			path = Codebase;
			sourceTree = "<group>";
		};
/* End PBXGroup section */

/* Begin PBXNativeTarget section */
		C281343D2B3AD6FF001ED300 /* SeSACFirstApp_HW */ = {
			isa = PBXNativeTarget;
			buildConfigurationList = C28134522B3AD701001ED300 /* Build configuration list for PBXNativeTarget "SeSACFirstApp_HW" */;
			buildPhases = (
				C281343A2B3AD6FF001ED300 /* Sources */,
				C281343B2B3AD6FF001ED300 /* Frameworks */,
				C281343C2B3AD6FF001ED300 /* Resources */,
			);
			buildRules = (
			);
			dependencies = (
			);
			name = SeSACFirstApp_HW;
			packageProductDependencies = (
				C2A75FE32B637FFD00541BE7 /* SnapKit */,
				C2A75FE52B637FFD00541BE7 /* SnapKit-Dynamic */,
			);
			productName = SeSACFirstApp_HW;
			productReference = C281343E2B3AD6FF001ED300 /* SeSACFirstApp_HW.app */;
			productType = "com.apple.product-type.application";
		};
/* End PBXNativeTarget section */

/* Begin PBXProject section */
		C28134362B3AD6FF001ED300 /* Project object */ = {
			isa = PBXProject;
			attributes = {
				BuildIndependentTargetsInParallel = 1;
				LastSwiftUpdateCheck = 1510;
				LastUpgradeCheck = 1510;
				TargetAttributes = {
					C281343D2B3AD6FF001ED300 = {
						CreatedOnToolsVersion = 15.1;
					};
				};
			};
			buildConfigurationList = C28134392B3AD6FF001ED300 /* Build configuration list for PBXProject "SeSACFirstApp_HW" */;
			compatibilityVersion = "Xcode 14.0";
			developmentRegion = en;
			hasScannedForEncodings = 0;
			knownRegions = (
				en,
				Base,
			);
			mainGroup = C28134352B3AD6FF001ED300;
			packageReferences = (
				C2A75FE22B637FFD00541BE7 /* XCRemoteSwiftPackageReference "SnapKit" */,
			);
			productRefGroup = C281343F2B3AD6FF001ED300 /* Products */;
			projectDirPath = "";
			projectRoot = "";
			targets = (
				C281343D2B3AD6FF001ED300 /* SeSACFirstApp_HW */,
			);
		};
/* End PBXProject section */

/* Begin PBXResourcesBuildPhase section */
		C281343C2B3AD6FF001ED300 /* Resources */ = {
			isa = PBXResourcesBuildPhase;
			buildActionMask = 2147483647;
			files = (
				C281344E2B3AD701001ED300 /* LaunchScreen.storyboard in Resources */,
				C281344B2B3AD701001ED300 /* Assets.xcassets in Resources */,
				C28134492B3AD6FF001ED300 /* Main.storyboard in Resources */,
			);
			runOnlyForDeploymentPostprocessing = 0;
		};
/* End PBXResourcesBuildPhase section */

/* Begin PBXSourcesBuildPhase section */
		C281343A2B3AD6FF001ED300 /* Sources */ = {
			isa = PBXSourcesBuildPhase;
			buildActionMask = 2147483647;
			files = (
				C2A75FEA2B6380B200541BE7 /* FirstViewController.swift in Sources */,
				C28134462B3AD6FF001ED300 /* ViewController.swift in Sources */,
				C23478152B3C54DE00238899 /* MemberViewController.swift in Sources */,
				C2D076002B3D249C004D08DA /* ViewControllertest.swift in Sources */,
				C2898B4F2B67A7C300AF9CE8 /* JoinMemberViewController.swift in Sources */,
				C216071A2B665F22001DD301 /* TabBarController.swift in Sources */,
				C28134422B3AD6FF001ED300 /* AppDelegate.swift in Sources */,
				C23478132B3C4E9200238899 /* SavedContentsViewController.swift in Sources */,
				C23478112B3C4CA000238899 /* NewHotViewController.swift in Sources */,
				C28134442B3AD6FF001ED300 /* SceneDelegate.swift in Sources */,
				C2A75FF02B63AFB900541BE7 /* ThirdViewController.swift in Sources */,
				C2A75FEC2B63A2B700541BE7 /* SecondViewController.swift in Sources */,
				C234780F2B3C468B00238899 /* MainViewController.swift in Sources */,
				C2898B512B67ADBD00AF9CE8 /* joinMemberTextField.swift in Sources */,
			);
			runOnlyForDeploymentPostprocessing = 0;
		};
/* End PBXSourcesBuildPhase section */

/* Begin PBXVariantGroup section */
		C28134472B3AD6FF001ED300 /* Main.storyboard */ = {
			isa = PBXVariantGroup;
			children = (
				C28134482B3AD6FF001ED300 /* Base */,
			);
			name = Main.storyboard;
			sourceTree = "<group>";
		};
		C281344C2B3AD701001ED300 /* LaunchScreen.storyboard */ = {
			isa = PBXVariantGroup;
			children = (
				C281344D2B3AD701001ED300 /* Base */,
			);
			name = LaunchScreen.storyboard;
			sourceTree = "<group>";
		};
/* End PBXVariantGroup section */

/* Begin XCBuildConfiguration section */
		C28134502B3AD701001ED300 /* Debug */ = {
			isa = XCBuildConfiguration;
			buildSettings = {
				ALWAYS_SEARCH_USER_PATHS = NO;
				ASSETCATALOG_COMPILER_GENERATE_SWIFT_ASSET_SYMBOL_EXTENSIONS = YES;
				CLANG_ANALYZER_NONNULL = YES;
				CLANG_ANALYZER_NUMBER_OBJECT_CONVERSION = YES_AGGRESSIVE;
				CLANG_CXX_LANGUAGE_STANDARD = "gnu++20";
				CLANG_ENABLE_MODULES = YES;
				CLANG_ENABLE_OBJC_ARC = YES;
				CLANG_ENABLE_OBJC_WEAK = YES;
				CLANG_WARN_BLOCK_CAPTURE_AUTORELEASING = YES;
				CLANG_WARN_BOOL_CONVERSION = YES;
				CLANG_WARN_COMMA = YES;
				CLANG_WARN_CONSTANT_CONVERSION = YES;
				CLANG_WARN_DEPRECATED_OBJC_IMPLEMENTATIONS = YES;
				CLANG_WARN_DIRECT_OBJC_ISA_USAGE = YES_ERROR;
				CLANG_WARN_DOCUMENTATION_COMMENTS = YES;
				CLANG_WARN_EMPTY_BODY = YES;
				CLANG_WARN_ENUM_CONVERSION = YES;
				CLANG_WARN_INFINITE_RECURSION = YES;
				CLANG_WARN_INT_CONVERSION = YES;
				CLANG_WARN_NON_LITERAL_NULL_CONVERSION = YES;
				CLANG_WARN_OBJC_IMPLICIT_RETAIN_SELF = YES;
				CLANG_WARN_OBJC_LITERAL_CONVERSION = YES;
				CLANG_WARN_OBJC_ROOT_CLASS = YES_ERROR;
				CLANG_WARN_QUOTED_INCLUDE_IN_FRAMEWORK_HEADER = YES;
				CLANG_WARN_RANGE_LOOP_ANALYSIS = YES;
				CLANG_WARN_STRICT_PROTOTYPES = YES;
				CLANG_WARN_SUSPICIOUS_MOVE = YES;
				CLANG_WARN_UNGUARDED_AVAILABILITY = YES_AGGRESSIVE;
				CLANG_WARN_UNREACHABLE_CODE = YES;
				CLANG_WARN__DUPLICATE_METHOD_MATCH = YES;
				COPY_PHASE_STRIP = NO;
				DEBUG_INFORMATION_FORMAT = dwarf;
				ENABLE_STRICT_OBJC_MSGSEND = YES;
				ENABLE_TESTABILITY = YES;
				ENABLE_USER_SCRIPT_SANDBOXING = YES;
				GCC_C_LANGUAGE_STANDARD = gnu17;
				GCC_DYNAMIC_NO_PIC = NO;
				GCC_NO_COMMON_BLOCKS = YES;
				GCC_OPTIMIZATION_LEVEL = 0;
				GCC_PREPROCESSOR_DEFINITIONS = (
					"DEBUG=1",
					"$(inherited)",
				);
				GCC_WARN_64_TO_32_BIT_CONVERSION = YES;
				GCC_WARN_ABOUT_RETURN_TYPE = YES_ERROR;
				GCC_WARN_UNDECLARED_SELECTOR = YES;
				GCC_WARN_UNINITIALIZED_AUTOS = YES_AGGRESSIVE;
				GCC_WARN_UNUSED_FUNCTION = YES;
				GCC_WARN_UNUSED_VARIABLE = YES;
				IPHONEOS_DEPLOYMENT_TARGET = 17.2;
				LOCALIZATION_PREFERS_STRING_CATALOGS = YES;
				MTL_ENABLE_DEBUG_INFO = INCLUDE_SOURCE;
				MTL_FAST_MATH = YES;
				ONLY_ACTIVE_ARCH = YES;
				SDKROOT = iphoneos;
				SWIFT_ACTIVE_COMPILATION_CONDITIONS = "DEBUG $(inherited)";
				SWIFT_OPTIMIZATION_LEVEL = "-Onone";
			};
			name = Debug;
		};
		C28134512B3AD701001ED300 /* Release */ = {
			isa = XCBuildConfiguration;
			buildSettings = {
				ALWAYS_SEARCH_USER_PATHS = NO;
				ASSETCATALOG_COMPILER_GENERATE_SWIFT_ASSET_SYMBOL_EXTENSIONS = YES;
				CLANG_ANALYZER_NONNULL = YES;
				CLANG_ANALYZER_NUMBER_OBJECT_CONVERSION = YES_AGGRESSIVE;
				CLANG_CXX_LANGUAGE_STANDARD = "gnu++20";
				CLANG_ENABLE_MODULES = YES;
				CLANG_ENABLE_OBJC_ARC = YES;
				CLANG_ENABLE_OBJC_WEAK = YES;
				CLANG_WARN_BLOCK_CAPTURE_AUTORELEASING = YES;
				CLANG_WARN_BOOL_CONVERSION = YES;
				CLANG_WARN_COMMA = YES;
				CLANG_WARN_CONSTANT_CONVERSION = YES;
				CLANG_WARN_DEPRECATED_OBJC_IMPLEMENTATIONS = YES;
				CLANG_WARN_DIRECT_OBJC_ISA_USAGE = YES_ERROR;
				CLANG_WARN_DOCUMENTATION_COMMENTS = YES;
				CLANG_WARN_EMPTY_BODY = YES;
				CLANG_WARN_ENUM_CONVERSION = YES;
				CLANG_WARN_INFINITE_RECURSION = YES;
				CLANG_WARN_INT_CONVERSION = YES;
				CLANG_WARN_NON_LITERAL_NULL_CONVERSION = YES;
				CLANG_WARN_OBJC_IMPLICIT_RETAIN_SELF = YES;
				CLANG_WARN_OBJC_LITERAL_CONVERSION = YES;
				CLANG_WARN_OBJC_ROOT_CLASS = YES_ERROR;
				CLANG_WARN_QUOTED_INCLUDE_IN_FRAMEWORK_HEADER = YES;
				CLANG_WARN_RANGE_LOOP_ANALYSIS = YES;
				CLANG_WARN_STRICT_PROTOTYPES = YES;
				CLANG_WARN_SUSPICIOUS_MOVE = YES;
				CLANG_WARN_UNGUARDED_AVAILABILITY = YES_AGGRESSIVE;
				CLANG_WARN_UNREACHABLE_CODE = YES;
				CLANG_WARN__DUPLICATE_METHOD_MATCH = YES;
				COPY_PHASE_STRIP = NO;
				DEBUG_INFORMATION_FORMAT = "dwarf-with-dsym";
				ENABLE_NS_ASSERTIONS = NO;
				ENABLE_STRICT_OBJC_MSGSEND = YES;
				ENABLE_USER_SCRIPT_SANDBOXING = YES;
				GCC_C_LANGUAGE_STANDARD = gnu17;
				GCC_NO_COMMON_BLOCKS = YES;
				GCC_WARN_64_TO_32_BIT_CONVERSION = YES;
				GCC_WARN_ABOUT_RETURN_TYPE = YES_ERROR;
				GCC_WARN_UNDECLARED_SELECTOR = YES;
				GCC_WARN_UNINITIALIZED_AUTOS = YES_AGGRESSIVE;
				GCC_WARN_UNUSED_FUNCTION = YES;
				GCC_WARN_UNUSED_VARIABLE = YES;
				IPHONEOS_DEPLOYMENT_TARGET = 17.2;
				LOCALIZATION_PREFERS_STRING_CATALOGS = YES;
				MTL_ENABLE_DEBUG_INFO = NO;
				MTL_FAST_MATH = YES;
				SDKROOT = iphoneos;
				SWIFT_COMPILATION_MODE = wholemodule;
				VALIDATE_PRODUCT = YES;
			};
			name = Release;
		};
		C28134532B3AD701001ED300 /* Debug */ = {
			isa = XCBuildConfiguration;
			buildSettings = {
				ASSETCATALOG_COMPILER_APPICON_NAME = AppIcon;
				ASSETCATALOG_COMPILER_GLOBAL_ACCENT_COLOR_NAME = AccentColor;
				CODE_SIGN_STYLE = Automatic;
				CURRENT_PROJECT_VERSION = 1;
				DEVELOPMENT_TEAM = 8HG96SSK4A;
				GENERATE_INFOPLIST_FILE = YES;
				INFOPLIST_FILE = SeSACFirstApp_HW/Info.plist;
				INFOPLIST_KEY_UIApplicationSupportsIndirectInputEvents = YES;
				INFOPLIST_KEY_UILaunchStoryboardName = LaunchScreen;
				INFOPLIST_KEY_UIMainStoryboardFile = Main;
				INFOPLIST_KEY_UISupportedInterfaceOrientations_iPad = "UIInterfaceOrientationPortrait UIInterfaceOrientationPortraitUpsideDown UIInterfaceOrientationLandscapeLeft UIInterfaceOrientationLandscapeRight";
				INFOPLIST_KEY_UISupportedInterfaceOrientations_iPhone = "UIInterfaceOrientationPortrait UIInterfaceOrientationLandscapeLeft UIInterfaceOrientationLandscapeRight";
				LD_RUNPATH_SEARCH_PATHS = (
					"$(inherited)",
					"@executable_path/Frameworks",
				);
				MARKETING_VERSION = 1.0;
				PRODUCT_BUNDLE_IDENTIFIER = "com.cyndi.SeSACFirstApp-HW";
				PRODUCT_NAME = "$(TARGET_NAME)";
				SWIFT_EMIT_LOC_STRINGS = YES;
				SWIFT_VERSION = 5.0;
				TARGETED_DEVICE_FAMILY = "1,2";
			};
			name = Debug;
		};
		C28134542B3AD701001ED300 /* Release */ = {
			isa = XCBuildConfiguration;
			buildSettings = {
				ASSETCATALOG_COMPILER_APPICON_NAME = AppIcon;
				ASSETCATALOG_COMPILER_GLOBAL_ACCENT_COLOR_NAME = AccentColor;
				CODE_SIGN_STYLE = Automatic;
				CURRENT_PROJECT_VERSION = 1;
				DEVELOPMENT_TEAM = 8HG96SSK4A;
				GENERATE_INFOPLIST_FILE = YES;
				INFOPLIST_FILE = SeSACFirstApp_HW/Info.plist;
				INFOPLIST_KEY_UIApplicationSupportsIndirectInputEvents = YES;
				INFOPLIST_KEY_UILaunchStoryboardName = LaunchScreen;
				INFOPLIST_KEY_UIMainStoryboardFile = Main;
				INFOPLIST_KEY_UISupportedInterfaceOrientations_iPad = "UIInterfaceOrientationPortrait UIInterfaceOrientationPortraitUpsideDown UIInterfaceOrientationLandscapeLeft UIInterfaceOrientationLandscapeRight";
				INFOPLIST_KEY_UISupportedInterfaceOrientations_iPhone = "UIInterfaceOrientationPortrait UIInterfaceOrientationLandscapeLeft UIInterfaceOrientationLandscapeRight";
				LD_RUNPATH_SEARCH_PATHS = (
					"$(inherited)",
					"@executable_path/Frameworks",
				);
				MARKETING_VERSION = 1.0;
				PRODUCT_BUNDLE_IDENTIFIER = "com.cyndi.SeSACFirstApp-HW";
				PRODUCT_NAME = "$(TARGET_NAME)";
				SWIFT_EMIT_LOC_STRINGS = YES;
				SWIFT_VERSION = 5.0;
				TARGETED_DEVICE_FAMILY = "1,2";
			};
			name = Release;
		};
/* End XCBuildConfiguration section */

/* Begin XCConfigurationList section */
		C28134392B3AD6FF001ED300 /* Build configuration list for PBXProject "SeSACFirstApp_HW" */ = {
			isa = XCConfigurationList;
			buildConfigurations = (
				C28134502B3AD701001ED300 /* Debug */,
				C28134512B3AD701001ED300 /* Release */,
			);
			defaultConfigurationIsVisible = 0;
			defaultConfigurationName = Release;
		};
		C28134522B3AD701001ED300 /* Build configuration list for PBXNativeTarget "SeSACFirstApp_HW" */ = {
			isa = XCConfigurationList;
			buildConfigurations = (
				C28134532B3AD701001ED300 /* Debug */,
				C28134542B3AD701001ED300 /* Release */,
			);
			defaultConfigurationIsVisible = 0;
			defaultConfigurationName = Release;
		};
/* End XCConfigurationList section */

/* Begin XCRemoteSwiftPackageReference section */
		C2A75FE22B637FFD00541BE7 /* XCRemoteSwiftPackageReference "SnapKit" */ = {
			isa = XCRemoteSwiftPackageReference;
			repositoryURL = "https://github.com/SnapKit/SnapKit.git";
			requirement = {
				kind = upToNextMajorVersion;
				minimumVersion = 5.7.0;
			};
		};
/* End XCRemoteSwiftPackageReference section */

/* Begin XCSwiftPackageProductDependency section */
		C2A75FE32B637FFD00541BE7 /* SnapKit */ = {
			isa = XCSwiftPackageProductDependency;
			package = C2A75FE22B637FFD00541BE7 /* XCRemoteSwiftPackageReference "SnapKit" */;
			productName = SnapKit;
		};
		C2A75FE52B637FFD00541BE7 /* SnapKit-Dynamic */ = {
			isa = XCSwiftPackageProductDependency;
			package = C2A75FE22B637FFD00541BE7 /* XCRemoteSwiftPackageReference "SnapKit" */;
			productName = "SnapKit-Dynamic";
		};
/* End XCSwiftPackageProductDependency section */
	};
	rootObject = C28134362B3AD6FF001ED300 /* Project object */;
}
